
Microsoft Visual Studio Solution File, Format Version 12.00
# Visual Studio Version 16
VisualStudioVersion = 16.0.29102.190
MinimumVisualStudioVersion = 10.0.40219.1
Project("{FAE04EC0-301F-11D3-BF4B-00C04F79EFBC}") = "Sample05", "Sample05\Sample05.csproj", "{9C7C25E9-2F66-4C3B-BA85-00247CFEA343}"
EndProject
Global
	GlobalSection(SolutionConfigurationPlatforms) = preSolution
		Debug|Any CPU = Debug|Any CPU
		Release|Any CPU = Release|Any CPU
	EndGlobalSection
	GlobalSection(ProjectConfigurationPlatforms) = postSolution
		{9C7C25E9-2F66-4C3B-BA85-00247CFEA343}.Debug|Any CPU.ActiveCfg = Debug|Any CPU
		{9C7C25E9-2F66-4C3B-BA85-00247CFEA343}.Debug|Any CPU.Build.0 = Debug|Any CPU
		{9C7C25E9-2F66-4C3B-BA85-00247CFEA343}.Release|Any CPU.ActiveCfg = Release|Any CPU
		{9C7C25E9-2F66-4C3B-BA85-00247CFEA343}.Release|Any CPU.Build.0 = Release|Any CPU
	EndGlobalSection
	GlobalSection(SolutionProperties) = preSolution
		HideSolutionNode = FALSE
	EndGlobalSection
	GlobalSection(ExtensibilityGlobals) = postSolution
		SolutionGuid = {F685FB86-288D-4805-A83A-6CD7DA4D5C5A}
	EndGlobalSection
EndGlobal
